
Microsoft Visual Studio Solution File, Format Version 12.00
Project("{FAE04EC0-301F-11D3-BF4B-00C04F79EFBC}") = "ConsoleUtilities", "ConsoleUtilities\ConsoleUtilities.csproj", "{1531E221-0D4A-499F-8527-C034180106B9}"
EndProject
Global
	GlobalSection(SolutionConfigurationPlatforms) = preSolution
		Debug|Any CPU = Debug|Any CPU
		Release|Any CPU = Release|Any CPU
	EndGlobalSection
	GlobalSection(ProjectConfigurationPlatforms) = postSolution
		{1531E221-0D4A-499F-8527-C034180106B9}.Debug|Any CPU.ActiveCfg = Debug|Any CPU
		{1531E221-0D4A-499F-8527-C034180106B9}.Debug|Any CPU.Build.0 = Debug|Any CPU
		{1531E221-0D4A-499F-8527-C034180106B9}.Release|Any CPU.ActiveCfg = Release|Any CPU
		{1531E221-0D4A-499F-8527-C034180106B9}.Release|Any CPU.Build.0 = Release|Any CPU
	EndGlobalSection
EndGlobal
